---
  #####################################################
  # Lock Pad                                          #
  #####################################################
  - name: "Pad 1"
    unique_id: 6e7d4d77-980f-4261-874b-6817893b2109
    device_class: motion
    state_topic: rf433/Pad1
    payload_on: 'ON'
    payload_off: 'OFF'
    off_delay: 5
    force_update: false
    availability_topic: RFBridge2/tele/LWT
    payload_available: Online
    payload_not_available: Offline

  - name: "Pad 2"
    unique_id: 967f4d20-4bed-4762-936b-ebb1aee30058
    device_class: motion
    state_topic: rf433/Pad2
    payload_on: 'ON'
    payload_off: 'OFF'
    off_delay: 5
    force_update: false
    availability_topic: RFBridge2/tele/LWT
    payload_available: Online
    payload_not_available: Offline

  - name: "Pad 3"
    unique_id: 2053615f-29ee-4849-b0ed-ebc4cf4ef5b3
    device_class: motion
    state_topic: rf433/Pad3
    payload_on: 'ON'
    payload_off: 'OFF'
    off_delay: 5
    force_update: false
    availability_topic: RFBridge2/tele/LWT
    payload_available: Online
    payload_not_available: Offline

  - name: "Pad 4"
    unique_id: b5b3618e-273e-4904-9154-2eb1df29cbfd
    device_class: motion
    state_topic: rf433/Pad4
    payload_on: 'ON'
    payload_off: 'OFF'
    off_delay: 5
    force_update: false
    availability_topic: RFBridge2/tele/LWT
    payload_available: Online
    payload_not_available: Offline

  - name: "Pad 5"
    unique_id: 5d00b0e3-65e2-4692-85c4-e462693aabd5
    device_class: motion
    state_topic: rf433/Pad5
    payload_on: 'ON'
    payload_off: 'OFF'
    off_delay: 5
    force_update: false
    availability_topic: RFBridge2/tele/LWT
    payload_available: Online
    payload_not_available: Offline

  - name: "Pad 8"
    unique_id: 2ba48223-bafa-4664-8413-083500163b9f
    device_class: motion
    state_topic: rf433/Pad8
    payload_on: 'ON'
    payload_off: 'OFF'
    off_delay: 5
    force_update: false
    availability_topic: RFBridge2/tele/LWT
    payload_available: Online
    payload_not_available: Offline

  - name: "Pad 9"
    unique_id: 63c372bc-a9a8-4d8c-b84f-af3d4bcaad6e
    device_class: motion
    state_topic: rf433/Pad9
    payload_on: 'ON'
    payload_off: 'OFF'
    off_delay: 5
    force_update: false
    availability_topic: RFBridge2/tele/LWT
    payload_available: Online
    payload_not_available: Offline

  - name: "Pad C"
    unique_id: 73994347-9e83-4876-a3ce-b42e5dcdf11f
    device_class: motion
    state_topic: rf433/PadC
    payload_on: 'ON'
    payload_off: 'OFF'
    off_delay: 5
    force_update: false
    availability_topic: RFBridge2/tele/LWT
    payload_available: Online
    payload_not_available: Offline
