lock:
  - name: "Side Door Lock"
    unique_id: 84912be5-26f5-460e-bae7-34541520430b
    state_topic: "SideLock/stat/lock"
    command_topic: "SideLock/cmnd/EVENT"
    availability_topic: "SideLock/tele/LWT"
    qos: 1
    retain: false
    state_locked: LOCKED
    state_unlocked: UNLOCKED
    payload_available: "Online"
    payload_not_available: "Offline"
